
Microsoft Visual Studio Solution File, Format Version 12.00
# Visual Studio Version 16
VisualStudioVersion = 16.0.29519.87
MinimumVisualStudioVersion = 10.0.40219.1
Project("{FAE04EC0-301F-11D3-BF4B-00C04F79EFBC}") = "TestingGitHub", "TestingGitHub\TestingGitHub.csproj", "{57C2C2D8-79EF-4F68-83B6-63E22F7E147F}"
EndProject
Global
	GlobalSection(SolutionConfigurationPlatforms) = preSolution
		Debug|Any CPU = Debug|Any CPU
		Release|Any CPU = Release|Any CPU
	EndGlobalSection
	GlobalSection(ProjectConfigurationPlatforms) = postSolution
		{57C2C2D8-79EF-4F68-83B6-63E22F7E147F}.Debug|Any CPU.ActiveCfg = Debug|Any CPU
		{57C2C2D8-79EF-4F68-83B6-63E22F7E147F}.Debug|Any CPU.Build.0 = Debug|Any CPU
		{57C2C2D8-79EF-4F68-83B6-63E22F7E147F}.Release|Any CPU.ActiveCfg = Release|Any CPU
		{57C2C2D8-79EF-4F68-83B6-63E22F7E147F}.Release|Any CPU.Build.0 = Release|Any CPU
	EndGlobalSection
	GlobalSection(SolutionProperties) = preSolution
		HideSolutionNode = FALSE
	EndGlobalSection
	GlobalSection(ExtensibilityGlobals) = postSolution
		SolutionGuid = {1AFCDCD6-AED7-4768-B40D-6A02541B9ED4}
	EndGlobalSection
EndGlobal
